Microsoft Visual Studio Solution File, Format Version 12.00
# Visual Studio Version 17
VisualStudioVersion = 17.0.31903.59
MinimumVisualStudioVersion = 10.0.40219.1
Project("{FAE04EC0-301F-11D3-BF4B-00C04F79EFBC}") = "MarkForge.App", "src\MarkForge.App\MarkForge.App.csproj", "{0E018C86-BD9D-4028-92AF-A1DD028C456B}"
EndProject
Global
	GlobalSection(SolutionConfigurationPlatforms) = preSolution
		Debug|Any CPU = Debug|Any CPU
		Release|Any CPU = Release|Any CPU
	EndGlobalSection
	GlobalSection(ProjectConfigurationPlatforms) = postSolution
		{0E018C86-BD9D-4028-92AF-A1DD028C456B}.Debug|Any CPU.ActiveCfg = Debug|Any CPU
		{0E018C86-BD9D-4028-92AF-A1DD028C456B}.Debug|Any CPU.Build.0 = Debug|Any CPU
		{0E018C86-BD9D-4028-92AF-A1DD028C456B}.Release|Any CPU.ActiveCfg = Release|Any CPU
		{0E018C86-BD9D-4028-92AF-A1DD028C456B}.Release|Any CPU.Build.0 = Release|Any CPU
	EndGlobalSection
	GlobalSection(SolutionProperties) = preSolution
		HideSolutionNode = FALSE
	EndGlobalSection
	GlobalSection(ExtensibilityGlobals) = postSolution
		SolutionGuid = {15111803-DE97-412D-8E77-A0E4E6056C8A}
	EndGlobalSection
EndGlobal
